
Microsoft Visual Studio Solution File, Format Version 12.00
# Visual Studio Version 17
VisualStudioVersion = 17.14.36212.18 d17.14
MinimumVisualStudioVersion = 10.0.40219.1
Project("{FAE04EC0-301F-11D3-BF4B-00C04F79EFBC}") = "oopDemo1", "oopDemo1\oopDemo1.csproj", "{0ABDFC55-438D-4B0E-ADD2-0AE97721B263}"
EndProject
Global
	GlobalSection(SolutionConfigurationPlatforms) = preSolution
		Debug|Any CPU = Debug|Any CPU
		Release|Any CPU = Release|Any CPU
	EndGlobalSection
	GlobalSection(ProjectConfigurationPlatforms) = postSolution
		{0ABDFC55-438D-4B0E-ADD2-0AE97721B263}.Debug|Any CPU.ActiveCfg = Debug|Any CPU
		{0ABDFC55-438D-4B0E-ADD2-0AE97721B263}.Debug|Any CPU.Build.0 = Debug|Any CPU
		{0ABDFC55-438D-4B0E-ADD2-0AE97721B263}.Release|Any CPU.ActiveCfg = Release|Any CPU
		{0ABDFC55-438D-4B0E-ADD2-0AE97721B263}.Release|Any CPU.Build.0 = Release|Any CPU
	EndGlobalSection
	GlobalSection(SolutionProperties) = preSolution
		HideSolutionNode = FALSE
	EndGlobalSection
	GlobalSection(ExtensibilityGlobals) = postSolution
		SolutionGuid = {12AEDDDA-DADF-4D8E-A0BE-343D26C53F41}
	EndGlobalSection
EndGlobal
