
Microsoft Visual Studio Solution File, Format Version 12.00
# Visual Studio Version 17
VisualStudioVersion = 17.14.36212.18 d17.14
MinimumVisualStudioVersion = 10.0.40219.1
Project("{FAE04EC0-301F-11D3-BF4B-00C04F79EFBC}") = "oopDemo1", "oopDemo1.csproj", "{8A05FE98-14F3-4A69-8718-8D4DAA85AC57}"
EndProject
Project("{FAE04EC0-301F-11D3-BF4B-00C04F79EFBC}") = "Common", "..\Common\Common.csproj", "{E9276286-8464-4E4E-A4BE-28E755CDC2B8}"
EndProject
Global
	GlobalSection(SolutionConfigurationPlatforms) = preSolution
		Debug|Any CPU = Debug|Any CPU
		Release|Any CPU = Release|Any CPU
	EndGlobalSection
	GlobalSection(ProjectConfigurationPlatforms) = postSolution
		{8A05FE98-14F3-4A69-8718-8D4DAA85AC57}.Debug|Any CPU.ActiveCfg = Debug|Any CPU
		{8A05FE98-14F3-4A69-8718-8D4DAA85AC57}.Debug|Any CPU.Build.0 = Debug|Any CPU
		{8A05FE98-14F3-4A69-8718-8D4DAA85AC57}.Release|Any CPU.ActiveCfg = Release|Any CPU
		{8A05FE98-14F3-4A69-8718-8D4DAA85AC57}.Release|Any CPU.Build.0 = Release|Any CPU
		{E9276286-8464-4E4E-A4BE-28E755CDC2B8}.Debug|Any CPU.ActiveCfg = Debug|Any CPU
		{E9276286-8464-4E4E-A4BE-28E755CDC2B8}.Debug|Any CPU.Build.0 = Debug|Any CPU
		{E9276286-8464-4E4E-A4BE-28E755CDC2B8}.Release|Any CPU.ActiveCfg = Release|Any CPU
		{E9276286-8464-4E4E-A4BE-28E755CDC2B8}.Release|Any CPU.Build.0 = Release|Any CPU
	EndGlobalSection
	GlobalSection(SolutionProperties) = preSolution
		HideSolutionNode = FALSE
	EndGlobalSection
	GlobalSection(ExtensibilityGlobals) = postSolution
		SolutionGuid = {E6445CDA-93E3-41D1-8489-776D3A0B5A24}
	EndGlobalSection
EndGlobal
